
Microsoft Visual Studio Solution File, Format Version 12.00
# Visual Studio Version 17
VisualStudioVersion = 17.7.34003.232
MinimumVisualStudioVersion = 10.0.40219.1
Project("{8BC9CEB8-8B4A-11D0-8D11-00A0C91BC942}") = "CStudy", "CStudy.vcxproj", "{6F350D70-822A-471D-803E-424D458E2AA7}"
EndProject
Project("{2150E333-8FDC-42A3-9474-1A3956D46DE8}") = "CH1", "CH1", "{7D236541-7ADF-454D-B5AC-B41BF40D733D}"
EndProject
Project("{8BC9CEB8-8B4A-11D0-8D11-00A0C91BC942}") = "Ch1", "..\CH1\CH1.vcxproj", "{81E17F9E-E1EF-43BD-8903-493C6FF9F2E7}"
EndProject
Project("{2150E333-8FDC-42A3-9474-1A3956D46DE8}") = "CH2", "CH2", "{2F436EEC-625F-433C-9A1E-8D4C13E0016B}"
EndProject
Project("{8BC9CEB8-8B4A-11D0-8D11-00A0C91BC942}") = "CH2", "..\CH2\CH2.vcxproj", "{9789205B-EF1E-4DF5-828E-69B35F0CEA43}"
EndProject
Project("{2150E333-8FDC-42A3-9474-1A3956D46DE8}") = "CH3", "CH3", "{A1F4C3B2-57ED-4324-9585-B0B7CD2E6B09}"
EndProject
Project("{8BC9CEB8-8B4A-11D0-8D11-00A0C91BC942}") = "Operator", "..\main\main.vcxproj", "{EF5FC353-3CAD-46B0-A702-7C65AE4C3FD2}"
EndProject
Project("{2150E333-8FDC-42A3-9474-1A3956D46DE8}") = "CH4", "CH4", "{47261A90-76B2-4799-B37F-693E48EDC15F}"
EndProject
Project("{8BC9CEB8-8B4A-11D0-8D11-00A0C91BC942}") = "CH4", "..\CH4\CH4.vcxproj", "{729FE429-4E8F-4B8D-94BD-A8EBEB554732}"
EndProject
Project("{2150E333-8FDC-42A3-9474-1A3956D46DE8}") = "CH5", "CH5", "{A47EDDAB-4D65-439D-BC1E-0580168678E0}"
EndProject
Project("{8BC9CEB8-8B4A-11D0-8D11-00A0C91BC942}") = "CH5", "..\CH5\CH5.vcxproj", "{03D3A4D3-0243-49CB-B106-188C4486BD44}"
EndProject
Project("{2150E333-8FDC-42A3-9474-1A3956D46DE8}") = "CH6", "CH6", "{43BC2D47-8126-415F-9733-C1813652AC36}"
EndProject
Project("{8BC9CEB8-8B4A-11D0-8D11-00A0C91BC942}") = "CH6", "..\CH6\CH6.vcxproj", "{FAC3E383-8988-43F8-BE0B-BCE2BC277815}"
EndProject
Project("{2150E333-8FDC-42A3-9474-1A3956D46DE8}") = "CH7", "CH7", "{4A6D6B1D-8685-47A7-896D-A98B75410EFE}"
EndProject
Project("{8BC9CEB8-8B4A-11D0-8D11-00A0C91BC942}") = "CH7", "..\CH7\CH7.vcxproj", "{D3950E42-04F3-499D-A945-171764581EAD}"
EndProject
Project("{2150E333-8FDC-42A3-9474-1A3956D46DE8}") = "CH8", "CH8", "{ADC4E928-80F3-409A-BF53-2B036258598B}"
EndProject
Project("{8BC9CEB8-8B4A-11D0-8D11-00A0C91BC942}") = "CH8", "..\CH8\CH8.vcxproj", "{CAF64C00-E4C1-44D2-809A-CC87DDBA1963}"
EndProject
Project("{2150E333-8FDC-42A3-9474-1A3956D46DE8}") = "CH9", "CH9", "{FFC801A1-E858-40E1-A27F-CA03A76182D0}"
EndProject
Project("{8BC9CEB8-8B4A-11D0-8D11-00A0C91BC942}") = "CH9", "..\CH9\CH9.vcxproj", "{E8D4D089-FEE1-49E0-8694-211FD2005773}"
EndProject
Project("{2150E333-8FDC-42A3-9474-1A3956D46DE8}") = "CH10", "CH10", "{3DFEEBAD-7035-4EDC-AB4A-322C2A1030C5}"
EndProject
Project("{8BC9CEB8-8B4A-11D0-8D11-00A0C91BC942}") = "CH10", "..\CH10\CH10.vcxproj", "{A908E4A1-2A32-4D0C-9520-D664D30D7A66}"
EndProject
Project("{2150E333-8FDC-42A3-9474-1A3956D46DE8}") = "ToyProject_01", "ToyProject_01", "{673B64E2-C85D-4764-B6B3-2A85608A2796}"
EndProject
Project("{8BC9CEB8-8B4A-11D0-8D11-00A0C91BC942}") = "ToyProject", "..\ToyProject\ToyProject.vcxproj", "{04971137-51C2-46B3-9E82-B0512CFC0403}"
EndProject
Project("{2150E333-8FDC-42A3-9474-1A3956D46DE8}") = "ToyPtoject_02", "ToyPtoject_02", "{11649812-D115-46F4-A11E-3BEAAA8FC5D0}"
EndProject
Project("{8BC9CEB8-8B4A-11D0-8D11-00A0C91BC942}") = "MoveInConsole", "..\MoveInConsole\MoveInConsole.vcxproj", "{7E11EC2A-63D1-4F2B-BDCD-A38B6D48777A}"
EndProject
Project("{2150E333-8FDC-42A3-9474-1A3956D46DE8}") = "MazeEscape", "MazeEscape", "{843DB51D-9389-4B3B-AEAE-07FAA76A67B1}"
EndProject
Project("{8BC9CEB8-8B4A-11D0-8D11-00A0C91BC942}") = "MazeEscape", "..\MazeEscape\MazeEscape.vcxproj", "{B54EDEE9-7078-4330-958A-2DF8C538EA7A}"
EndProject
Global
	GlobalSection(SolutionConfigurationPlatforms) = preSolution
		Debug|x64 = Debug|x64
		Debug|x86 = Debug|x86
		Release|x64 = Release|x64
		Release|x86 = Release|x86
	EndGlobalSection
	GlobalSection(ProjectConfigurationPlatforms) = postSolution
		{6F350D70-822A-471D-803E-424D458E2AA7}.Debug|x64.ActiveCfg = Debug|x64
		{6F350D70-822A-471D-803E-424D458E2AA7}.Debug|x64.Build.0 = Debug|x64
		{6F350D70-822A-471D-803E-424D458E2AA7}.Debug|x86.ActiveCfg = Debug|Win32
		{6F350D70-822A-471D-803E-424D458E2AA7}.Debug|x86.Build.0 = Debug|Win32
		{6F350D70-822A-471D-803E-424D458E2AA7}.Release|x64.ActiveCfg = Release|x64
		{6F350D70-822A-471D-803E-424D458E2AA7}.Release|x64.Build.0 = Release|x64
		{6F350D70-822A-471D-803E-424D458E2AA7}.Release|x86.ActiveCfg = Release|Win32
		{6F350D70-822A-471D-803E-424D458E2AA7}.Release|x86.Build.0 = Release|Win32
		{81E17F9E-E1EF-43BD-8903-493C6FF9F2E7}.Debug|x64.ActiveCfg = Debug|x64
		{81E17F9E-E1EF-43BD-8903-493C6FF9F2E7}.Debug|x64.Build.0 = Debug|x64
		{81E17F9E-E1EF-43BD-8903-493C6FF9F2E7}.Debug|x86.ActiveCfg = Debug|Win32
		{81E17F9E-E1EF-43BD-8903-493C6FF9F2E7}.Debug|x86.Build.0 = Debug|Win32
		{81E17F9E-E1EF-43BD-8903-493C6FF9F2E7}.Release|x64.ActiveCfg = Release|x64
		{81E17F9E-E1EF-43BD-8903-493C6FF9F2E7}.Release|x64.Build.0 = Release|x64
		{81E17F9E-E1EF-43BD-8903-493C6FF9F2E7}.Release|x86.ActiveCfg = Release|Win32
		{81E17F9E-E1EF-43BD-8903-493C6FF9F2E7}.Release|x86.Build.0 = Release|Win32
		{9789205B-EF1E-4DF5-828E-69B35F0CEA43}.Debug|x64.ActiveCfg = Debug|x64
		{9789205B-EF1E-4DF5-828E-69B35F0CEA43}.Debug|x64.Build.0 = Debug|x64
		{9789205B-EF1E-4DF5-828E-69B35F0CEA43}.Debug|x86.ActiveCfg = Debug|Win32
		{9789205B-EF1E-4DF5-828E-69B35F0CEA43}.Debug|x86.Build.0 = Debug|Win32
		{9789205B-EF1E-4DF5-828E-69B35F0CEA43}.Release|x64.ActiveCfg = Release|x64
		{9789205B-EF1E-4DF5-828E-69B35F0CEA43}.Release|x64.Build.0 = Release|x64
		{9789205B-EF1E-4DF5-828E-69B35F0CEA43}.Release|x86.ActiveCfg = Release|Win32
		{9789205B-EF1E-4DF5-828E-69B35F0CEA43}.Release|x86.Build.0 = Release|Win32
		{EF5FC353-3CAD-46B0-A702-7C65AE4C3FD2}.Debug|x64.ActiveCfg = Debug|x64
		{EF5FC353-3CAD-46B0-A702-7C65AE4C3FD2}.Debug|x64.Build.0 = Debug|x64
		{EF5FC353-3CAD-46B0-A702-7C65AE4C3FD2}.Debug|x86.ActiveCfg = Debug|Win32
		{EF5FC353-3CAD-46B0-A702-7C65AE4C3FD2}.Debug|x86.Build.0 = Debug|Win32
		{EF5FC353-3CAD-46B0-A702-7C65AE4C3FD2}.Release|x64.ActiveCfg = Release|x64
		{EF5FC353-3CAD-46B0-A702-7C65AE4C3FD2}.Release|x64.Build.0 = Release|x64
		{EF5FC353-3CAD-46B0-A702-7C65AE4C3FD2}.Release|x86.ActiveCfg = Release|Win32
		{EF5FC353-3CAD-46B0-A702-7C65AE4C3FD2}.Release|x86.Build.0 = Release|Win32
		{729FE429-4E8F-4B8D-94BD-A8EBEB554732}.Debug|x64.ActiveCfg = Debug|x64
		{729FE429-4E8F-4B8D-94BD-A8EBEB554732}.Debug|x64.Build.0 = Debug|x64
		{729FE429-4E8F-4B8D-94BD-A8EBEB554732}.Debug|x86.ActiveCfg = Debug|Win32
		{729FE429-4E8F-4B8D-94BD-A8EBEB554732}.Debug|x86.Build.0 = Debug|Win32
		{729FE429-4E8F-4B8D-94BD-A8EBEB554732}.Release|x64.ActiveCfg = Release|x64
		{729FE429-4E8F-4B8D-94BD-A8EBEB554732}.Release|x64.Build.0 = Release|x64
		{729FE429-4E8F-4B8D-94BD-A8EBEB554732}.Release|x86.ActiveCfg = Release|Win32
		{729FE429-4E8F-4B8D-94BD-A8EBEB554732}.Release|x86.Build.0 = Release|Win32
		{03D3A4D3-0243-49CB-B106-188C4486BD44}.Debug|x64.ActiveCfg = Debug|x64
		{03D3A4D3-0243-49CB-B106-188C4486BD44}.Debug|x64.Build.0 = Debug|x64
		{03D3A4D3-0243-49CB-B106-188C4486BD44}.Debug|x86.ActiveCfg = Debug|Win32
		{03D3A4D3-0243-49CB-B106-188C4486BD44}.Debug|x86.Build.0 = Debug|Win32
		{03D3A4D3-0243-49CB-B106-188C4486BD44}.Release|x64.ActiveCfg = Release|x64
		{03D3A4D3-0243-49CB-B106-188C4486BD44}.Release|x64.Build.0 = Release|x64
		{03D3A4D3-0243-49CB-B106-188C4486BD44}.Release|x86.ActiveCfg = Release|Win32
		{03D3A4D3-0243-49CB-B106-188C4486BD44}.Release|x86.Build.0 = Release|Win32
		{FAC3E383-8988-43F8-BE0B-BCE2BC277815}.Debug|x64.ActiveCfg = Debug|x64
		{FAC3E383-8988-43F8-BE0B-BCE2BC277815}.Debug|x64.Build.0 = Debug|x64
		{FAC3E383-8988-43F8-BE0B-BCE2BC277815}.Debug|x86.ActiveCfg = Debug|Win32
		{FAC3E383-8988-43F8-BE0B-BCE2BC277815}.Debug|x86.Build.0 = Debug|Win32
		{FAC3E383-8988-43F8-BE0B-BCE2BC277815}.Release|x64.ActiveCfg = Release|x64
		{FAC3E383-8988-43F8-BE0B-BCE2BC277815}.Release|x64.Build.0 = Release|x64
		{FAC3E383-8988-43F8-BE0B-BCE2BC277815}.Release|x86.ActiveCfg = Release|Win32
		{FAC3E383-8988-43F8-BE0B-BCE2BC277815}.Release|x86.Build.0 = Release|Win32
		{D3950E42-04F3-499D-A945-171764581EAD}.Debug|x64.ActiveCfg = Debug|x64
		{D3950E42-04F3-499D-A945-171764581EAD}.Debug|x64.Build.0 = Debug|x64
		{D3950E42-04F3-499D-A945-171764581EAD}.Debug|x86.ActiveCfg = Debug|Win32
		{D3950E42-04F3-499D-A945-171764581EAD}.Debug|x86.Build.0 = Debug|Win32
		{D3950E42-04F3-499D-A945-171764581EAD}.Release|x64.ActiveCfg = Release|x64
		{D3950E42-04F3-499D-A945-171764581EAD}.Release|x64.Build.0 = Release|x64
		{D3950E42-04F3-499D-A945-171764581EAD}.Release|x86.ActiveCfg = Release|Win32
		{D3950E42-04F3-499D-A945-171764581EAD}.Release|x86.Build.0 = Release|Win32
		{CAF64C00-E4C1-44D2-809A-CC87DDBA1963}.Debug|x64.ActiveCfg = Debug|x64
		{CAF64C00-E4C1-44D2-809A-CC87DDBA1963}.Debug|x64.Build.0 = Debug|x64
		{CAF64C00-E4C1-44D2-809A-CC87DDBA1963}.Debug|x86.ActiveCfg = Debug|Win32
		{CAF64C00-E4C1-44D2-809A-CC87DDBA1963}.Debug|x86.Build.0 = Debug|Win32
		{CAF64C00-E4C1-44D2-809A-CC87DDBA1963}.Release|x64.ActiveCfg = Release|x64
		{CAF64C00-E4C1-44D2-809A-CC87DDBA1963}.Release|x64.Build.0 = Release|x64
		{CAF64C00-E4C1-44D2-809A-CC87DDBA1963}.Release|x86.ActiveCfg = Release|Win32
		{CAF64C00-E4C1-44D2-809A-CC87DDBA1963}.Release|x86.Build.0 = Release|Win32
		{E8D4D089-FEE1-49E0-8694-211FD2005773}.Debug|x64.ActiveCfg = Debug|x64
		{E8D4D089-FEE1-49E0-8694-211FD2005773}.Debug|x64.Build.0 = Debug|x64
		{E8D4D089-FEE1-49E0-8694-211FD2005773}.Debug|x86.ActiveCfg = Debug|Win32
		{E8D4D089-FEE1-49E0-8694-211FD2005773}.Debug|x86.Build.0 = Debug|Win32
		{E8D4D089-FEE1-49E0-8694-211FD2005773}.Release|x64.ActiveCfg = Release|x64
		{E8D4D089-FEE1-49E0-8694-211FD2005773}.Release|x64.Build.0 = Release|x64
		{E8D4D089-FEE1-49E0-8694-211FD2005773}.Release|x86.ActiveCfg = Release|Win32
		{E8D4D089-FEE1-49E0-8694-211FD2005773}.Release|x86.Build.0 = Release|Win32
		{A908E4A1-2A32-4D0C-9520-D664D30D7A66}.Debug|x64.ActiveCfg = Debug|x64
		{A908E4A1-2A32-4D0C-9520-D664D30D7A66}.Debug|x64.Build.0 = Debug|x64
		{A908E4A1-2A32-4D0C-9520-D664D30D7A66}.Debug|x86.ActiveCfg = Debug|Win32
		{A908E4A1-2A32-4D0C-9520-D664D30D7A66}.Debug|x86.Build.0 = Debug|Win32
		{A908E4A1-2A32-4D0C-9520-D664D30D7A66}.Release|x64.ActiveCfg = Release|x64
		{A908E4A1-2A32-4D0C-9520-D664D30D7A66}.Release|x64.Build.0 = Release|x64
		{A908E4A1-2A32-4D0C-9520-D664D30D7A66}.Release|x86.ActiveCfg = Release|Win32
		{A908E4A1-2A32-4D0C-9520-D664D30D7A66}.Release|x86.Build.0 = Release|Win32
		{04971137-51C2-46B3-9E82-B0512CFC0403}.Debug|x64.ActiveCfg = Debug|x64
		{04971137-51C2-46B3-9E82-B0512CFC0403}.Debug|x64.Build.0 = Debug|x64
		{04971137-51C2-46B3-9E82-B0512CFC0403}.Debug|x86.ActiveCfg = Debug|Win32
		{04971137-51C2-46B3-9E82-B0512CFC0403}.Debug|x86.Build.0 = Debug|Win32
		{04971137-51C2-46B3-9E82-B0512CFC0403}.Release|x64.ActiveCfg = Release|x64
		{04971137-51C2-46B3-9E82-B0512CFC0403}.Release|x64.Build.0 = Release|x64
		{04971137-51C2-46B3-9E82-B0512CFC0403}.Release|x86.ActiveCfg = Release|Win32
		{04971137-51C2-46B3-9E82-B0512CFC0403}.Release|x86.Build.0 = Release|Win32
		{7E11EC2A-63D1-4F2B-BDCD-A38B6D48777A}.Debug|x64.ActiveCfg = Debug|x64
		{7E11EC2A-63D1-4F2B-BDCD-A38B6D48777A}.Debug|x64.Build.0 = Debug|x64
		{7E11EC2A-63D1-4F2B-BDCD-A38B6D48777A}.Debug|x86.ActiveCfg = Debug|Win32
		{7E11EC2A-63D1-4F2B-BDCD-A38B6D48777A}.Debug|x86.Build.0 = Debug|Win32
		{7E11EC2A-63D1-4F2B-BDCD-A38B6D48777A}.Release|x64.ActiveCfg = Release|x64
		{7E11EC2A-63D1-4F2B-BDCD-A38B6D48777A}.Release|x64.Build.0 = Release|x64
		{7E11EC2A-63D1-4F2B-BDCD-A38B6D48777A}.Release|x86.ActiveCfg = Release|Win32
		{7E11EC2A-63D1-4F2B-BDCD-A38B6D48777A}.Release|x86.Build.0 = Release|Win32
		{B54EDEE9-7078-4330-958A-2DF8C538EA7A}.Debug|x64.ActiveCfg = Debug|x64
		{B54EDEE9-7078-4330-958A-2DF8C538EA7A}.Debug|x64.Build.0 = Debug|x64
		{B54EDEE9-7078-4330-958A-2DF8C538EA7A}.Debug|x86.ActiveCfg = Debug|Win32
		{B54EDEE9-7078-4330-958A-2DF8C538EA7A}.Debug|x86.Build.0 = Debug|Win32
		{B54EDEE9-7078-4330-958A-2DF8C538EA7A}.Release|x64.ActiveCfg = Release|x64
		{B54EDEE9-7078-4330-958A-2DF8C538EA7A}.Release|x64.Build.0 = Release|x64
		{B54EDEE9-7078-4330-958A-2DF8C538EA7A}.Release|x86.ActiveCfg = Release|Win32
		{B54EDEE9-7078-4330-958A-2DF8C538EA7A}.Release|x86.Build.0 = Release|Win32
	EndGlobalSection
	GlobalSection(SolutionProperties) = preSolution
		HideSolutionNode = FALSE
	EndGlobalSection
	GlobalSection(NestedProjects) = preSolution
		{81E17F9E-E1EF-43BD-8903-493C6FF9F2E7} = {7D236541-7ADF-454D-B5AC-B41BF40D733D}
		{9789205B-EF1E-4DF5-828E-69B35F0CEA43} = {2F436EEC-625F-433C-9A1E-8D4C13E0016B}
		{EF5FC353-3CAD-46B0-A702-7C65AE4C3FD2} = {A1F4C3B2-57ED-4324-9585-B0B7CD2E6B09}
		{729FE429-4E8F-4B8D-94BD-A8EBEB554732} = {47261A90-76B2-4799-B37F-693E48EDC15F}
		{03D3A4D3-0243-49CB-B106-188C4486BD44} = {A47EDDAB-4D65-439D-BC1E-0580168678E0}
		{FAC3E383-8988-43F8-BE0B-BCE2BC277815} = {43BC2D47-8126-415F-9733-C1813652AC36}
		{D3950E42-04F3-499D-A945-171764581EAD} = {4A6D6B1D-8685-47A7-896D-A98B75410EFE}
		{CAF64C00-E4C1-44D2-809A-CC87DDBA1963} = {ADC4E928-80F3-409A-BF53-2B036258598B}
		{E8D4D089-FEE1-49E0-8694-211FD2005773} = {FFC801A1-E858-40E1-A27F-CA03A76182D0}
		{A908E4A1-2A32-4D0C-9520-D664D30D7A66} = {3DFEEBAD-7035-4EDC-AB4A-322C2A1030C5}
		{04971137-51C2-46B3-9E82-B0512CFC0403} = {673B64E2-C85D-4764-B6B3-2A85608A2796}
		{7E11EC2A-63D1-4F2B-BDCD-A38B6D48777A} = {11649812-D115-46F4-A11E-3BEAAA8FC5D0}
		{B54EDEE9-7078-4330-958A-2DF8C538EA7A} = {843DB51D-9389-4B3B-AEAE-07FAA76A67B1}
	EndGlobalSection
	GlobalSection(ExtensibilityGlobals) = postSolution
		SolutionGuid = {A2CDCC58-D87F-46C6-8195-B4A24CF2877D}
	EndGlobalSection
EndGlobal
